
Microsoft Visual Studio Solution File, Format Version 12.00
# Visual Studio 14
VisualStudioVersion = 14.0.22310.1
MinimumVisualStudioVersion = 10.0.40219.1
Project("{FAE04EC0-301F-11D3-BF4B-00C04F79EFBC}") = "Zive.Irc.Core", "Zive.Irc.Core\Zive.Irc.Core.csproj", "{81767D58-92A8-45C5-A47C-B4A615BA6C02}"
	ProjectSection(ProjectDependencies) = postProject
		{33652FB2-E165-43A0-9A44-F7FE2A970381} = {33652FB2-E165-43A0-9A44-F7FE2A970381}
	EndProjectSection
EndProject
Project("{FAE04EC0-301F-11D3-BF4B-00C04F79EFBC}") = "Zive.Irc.ConsoleHarness", "Zive.Irc.ConsoleHarness\Zive.Irc.ConsoleHarness.csproj", "{EF2D5ED8-8944-4D64-A426-BBA449D30FA4}"
	ProjectSection(ProjectDependencies) = postProject
		{33652FB2-E165-43A0-9A44-F7FE2A970381} = {33652FB2-E165-43A0-9A44-F7FE2A970381}
	EndProjectSection
EndProject
Project("{FAE04EC0-301F-11D3-BF4B-00C04F79EFBC}") = "Zive.Irc.IdentService", "Zive.Irc.IdentService\Zive.Irc.IdentService.csproj", "{1409C006-A515-46FB-A84F-2BD4C203C80E}"
	ProjectSection(ProjectDependencies) = postProject
		{33652FB2-E165-43A0-9A44-F7FE2A970381} = {33652FB2-E165-43A0-9A44-F7FE2A970381}
	EndProjectSection
EndProject
Project("{FAE04EC0-301F-11D3-BF4B-00C04F79EFBC}") = "Zive.Irc.Utility", "Zive.Irc.Utility\Zive.Irc.Utility.csproj", "{33652FB2-E165-43A0-9A44-F7FE2A970381}"
EndProject
Project("{FAE04EC0-301F-11D3-BF4B-00C04F79EFBC}") = "Zive.Irc.WpfUi", "Zive.Irc.WpfUi\Zive.Irc.WpfUi.csproj", "{1EF2539F-A46D-452C-8234-1EE5973E2326}"
EndProject
Project("{FAE04EC0-301F-11D3-BF4B-00C04F79EFBC}") = "Zive.Irc.Configuration", "Zive.Irc.Configuration\Zive.Irc.Configuration.csproj", "{CB1101C3-723E-4EDC-A4A6-FEE6B5A67D8F}"
	ProjectSection(ProjectDependencies) = postProject
		{33652FB2-E165-43A0-9A44-F7FE2A970381} = {33652FB2-E165-43A0-9A44-F7FE2A970381}
	EndProjectSection
EndProject
Global
	GlobalSection(SubversionScc) = preSolution
		Svn-Managed = True
		Manager = AnkhSVN - Subversion Support for Visual Studio
	EndGlobalSection
	GlobalSection(SolutionConfigurationPlatforms) = preSolution
		Debug|Any CPU = Debug|Any CPU
		Release|Any CPU = Release|Any CPU
	EndGlobalSection
	GlobalSection(ProjectConfigurationPlatforms) = postSolution
		{81767D58-92A8-45C5-A47C-B4A615BA6C02}.Debug|Any CPU.ActiveCfg = Debug|Any CPU
		{81767D58-92A8-45C5-A47C-B4A615BA6C02}.Debug|Any CPU.Build.0 = Debug|Any CPU
		{81767D58-92A8-45C5-A47C-B4A615BA6C02}.Release|Any CPU.ActiveCfg = Release|Any CPU
		{81767D58-92A8-45C5-A47C-B4A615BA6C02}.Release|Any CPU.Build.0 = Release|Any CPU
		{EF2D5ED8-8944-4D64-A426-BBA449D30FA4}.Debug|Any CPU.ActiveCfg = Debug|Any CPU
		{EF2D5ED8-8944-4D64-A426-BBA449D30FA4}.Debug|Any CPU.Build.0 = Debug|Any CPU
		{EF2D5ED8-8944-4D64-A426-BBA449D30FA4}.Release|Any CPU.ActiveCfg = Release|Any CPU
		{EF2D5ED8-8944-4D64-A426-BBA449D30FA4}.Release|Any CPU.Build.0 = Release|Any CPU
		{1409C006-A515-46FB-A84F-2BD4C203C80E}.Debug|Any CPU.ActiveCfg = Debug|Any CPU
		{1409C006-A515-46FB-A84F-2BD4C203C80E}.Debug|Any CPU.Build.0 = Debug|Any CPU
		{1409C006-A515-46FB-A84F-2BD4C203C80E}.Release|Any CPU.ActiveCfg = Release|Any CPU
		{1409C006-A515-46FB-A84F-2BD4C203C80E}.Release|Any CPU.Build.0 = Release|Any CPU
		{33652FB2-E165-43A0-9A44-F7FE2A970381}.Debug|Any CPU.ActiveCfg = Debug|Any CPU
		{33652FB2-E165-43A0-9A44-F7FE2A970381}.Debug|Any CPU.Build.0 = Debug|Any CPU
		{33652FB2-E165-43A0-9A44-F7FE2A970381}.Release|Any CPU.ActiveCfg = Release|Any CPU
		{33652FB2-E165-43A0-9A44-F7FE2A970381}.Release|Any CPU.Build.0 = Release|Any CPU
		{1EF2539F-A46D-452C-8234-1EE5973E2326}.Debug|Any CPU.ActiveCfg = Debug|Any CPU
		{1EF2539F-A46D-452C-8234-1EE5973E2326}.Debug|Any CPU.Build.0 = Debug|Any CPU
		{1EF2539F-A46D-452C-8234-1EE5973E2326}.Release|Any CPU.ActiveCfg = Release|Any CPU
		{1EF2539F-A46D-452C-8234-1EE5973E2326}.Release|Any CPU.Build.0 = Release|Any CPU
		{CB1101C3-723E-4EDC-A4A6-FEE6B5A67D8F}.Debug|Any CPU.ActiveCfg = Debug|Any CPU
		{CB1101C3-723E-4EDC-A4A6-FEE6B5A67D8F}.Debug|Any CPU.Build.0 = Debug|Any CPU
		{CB1101C3-723E-4EDC-A4A6-FEE6B5A67D8F}.Release|Any CPU.ActiveCfg = Release|Any CPU
		{CB1101C3-723E-4EDC-A4A6-FEE6B5A67D8F}.Release|Any CPU.Build.0 = Release|Any CPU
	EndGlobalSection
	GlobalSection(SolutionProperties) = preSolution
		HideSolutionNode = FALSE
	EndGlobalSection
EndGlobal
